{
  "name": "romanize",
  "lockfileVersion": 2,
  "requires": true,
  "packages": {
    "": {
      "dependencies": {
        "typescript": "^5.0.2"
      },
      "devDependencies": {
        "@types/node": "^18.15.7"
      }
    },
    "node_modules/@types/node": {
      "version": "18.15.7",
      "resolved": "https://registry.npmjs.org/@types/node/-/node-18.15.7.tgz",
      "integrity": "sha512-LFmUbFunqmBn26wJZgZPYZPrDR1RwGOu2v79Mgcka1ndO6V0/cwjivPTc4yoK6n9kmw4/ls1r8cLrvh2iMibFA==",
      "dev": true
    },
    "node_modules/typescript": {
      "version": "5.0.2",
      "resolved": "https://registry.npmjs.org/typescript/-/typescript-5.0.2.tgz",
      "integrity": "sha512-wVORMBGO/FAs/++blGNeAVdbNKtIh1rbBL2EyQ1+J9lClJ93KiiKe8PmFIVdXhHcyv44SL9oglmfeSsndo0jRw==",
      "bin": {
        "tsc": "bin/tsc",
        "tsserver": "bin/tsserver"
      },
      "engines": {
        "node": ">=12.20"
      }
    }
  },
  "dependencies": {
    "@types/node": {
      "version": "18.15.7",
      "resolved": "https://registry.npmjs.org/@types/node/-/node-18.15.7.tgz",
      "integrity": "sha512-LFmUbFunqmBn26wJZgZPYZPrDR1RwGOu2v79Mgcka1ndO6V0/cwjivPTc4yoK6n9kmw4/ls1r8cLrvh2iMibFA==",
      "dev": true
    },
    "typescript": {
      "version": "5.0.2",
      "resolved": "https://registry.npmjs.org/typescript/-/typescript-5.0.2.tgz",
      "integrity": "sha512-wVORMBGO/FAs/++blGNeAVdbNKtIh1rbBL2EyQ1+J9lClJ93KiiKe8PmFIVdXhHcyv44SL9oglmfeSsndo0jRw=="
    }
  }
}
